// !$*UTF8*$!
{
	archiveVersion = 1;
	classes = {
	};
	objectVersion = 51;
	objects = {

/* Begin PBXBuildFile section */
		807A3C7C52BC9FFAE392AE04 /* Pods_RecruitmentTask.framework in Frameworks */ = {isa = PBXBuildFile; fileRef = 28D92ED7CD3B9180DEC33E66 /* Pods_RecruitmentTask.framework */; };
		AF49F7C724379D9B00880716 /* UIView+Utils.swift in Sources */ = {isa = PBXBuildFile; fileRef = AF49F7C624379D9B00880716 /* UIView+Utils.swift */; };
		AF49F7CA2437D89300880716 /* ProfileDetailsViewController.swift in Sources */ = {isa = PBXBuildFile; fileRef = AF49F7C92437D89300880716 /* ProfileDetailsViewController.swift */; };
		AF49F7CC243890BC00880716 /* ProfileDetailsViewElements.swift in Sources */ = {isa = PBXBuildFile; fileRef = AF49F7CB243890BC00880716 /* ProfileDetailsViewElements.swift */; };
		AF49F7CE2438C4A000880716 /* ActivityCell.swift in Sources */ = {isa = PBXBuildFile; fileRef = AF49F7CD2438C4A000880716 /* ActivityCell.swift */; };
		AF49F7D32438D36700880716 /* Raleway-Regular.ttf in Resources */ = {isa = PBXBuildFile; fileRef = AF49F7D22438D35F00880716 /* Raleway-Regular.ttf */; };
		AF49F7D42438D36700880716 /* Raleway-SemiBold.ttf in Resources */ = {isa = PBXBuildFile; fileRef = AF49F7D12438D35F00880716 /* Raleway-SemiBold.ttf */; };
		AF49F7D62438FBA600880716 /* StartPresenter.swift in Sources */ = {isa = PBXBuildFile; fileRef = AF49F7D52438FBA600880716 /* StartPresenter.swift */; };
		AF49F7D92439012D00880716 /* RoundedView.swift in Sources */ = {isa = PBXBuildFile; fileRef = AF49F7D82439012D00880716 /* RoundedView.swift */; };
		AF49F7DE24391E4800880716 /* ResponseValidator.swift in Sources */ = {isa = PBXBuildFile; fileRef = AF49F7DD24391E4800880716 /* ResponseValidator.swift */; };
		AF49F7E024391E6000880716 /* ErrorInfo.swift in Sources */ = {isa = PBXBuildFile; fileRef = AF49F7DF24391E6000880716 /* ErrorInfo.swift */; };
		AF49F7E224391E7000880716 /* Router.swift in Sources */ = {isa = PBXBuildFile; fileRef = AF49F7E124391E7000880716 /* Router.swift */; };
		AF49F7E424391E7A00880716 /* Config.swift in Sources */ = {isa = PBXBuildFile; fileRef = AF49F7E324391E7A00880716 /* Config.swift */; };
		AF49F7E624391E8800880716 /* NetworkManager.swift in Sources */ = {isa = PBXBuildFile; fileRef = AF49F7E524391E8800880716 /* NetworkManager.swift */; };
		AF49F7E824391E9800880716 /* ApiError.swift in Sources */ = {isa = PBXBuildFile; fileRef = AF49F7E724391E9800880716 /* ApiError.swift */; };
		AF49F7EB24391F6D00880716 /* Address.swift in Sources */ = {isa = PBXBuildFile; fileRef = AF49F7EA24391F6D00880716 /* Address.swift */; };
		AF49F7ED24391F7C00880716 /* Company.swift in Sources */ = {isa = PBXBuildFile; fileRef = AF49F7EC24391F7C00880716 /* Company.swift */; };
		AF49F7EF24391F8B00880716 /* Geo.swift in Sources */ = {isa = PBXBuildFile; fileRef = AF49F7EE24391F8B00880716 /* Geo.swift */; };
		AF49F7F124391F9B00880716 /* Post.swift in Sources */ = {isa = PBXBuildFile; fileRef = AF49F7F024391F9B00880716 /* Post.swift */; };
		AF49F7F324391FA900880716 /* User.swift in Sources */ = {isa = PBXBuildFile; fileRef = AF49F7F224391FA900880716 /* User.swift */; };
		AF49F7F52439C3A900880716 /* ProfileItemViewModel.swift in Sources */ = {isa = PBXBuildFile; fileRef = AF49F7F42439C3A900880716 /* ProfileItemViewModel.swift */; };
		AF49F7F92439D24500880716 /* ProfileDetailsPresenter.swift in Sources */ = {isa = PBXBuildFile; fileRef = AF49F7F82439D24500880716 /* ProfileDetailsPresenter.swift */; };
		AF49F7FB2439D26900880716 /* ProfileDetailsItemViewModel.swift in Sources */ = {isa = PBXBuildFile; fileRef = AF49F7FA2439D26900880716 /* ProfileDetailsItemViewModel.swift */; };
		AF49F7FE2439D6EF00880716 /* Cache.swift in Sources */ = {isa = PBXBuildFile; fileRef = AF49F7FD2439D6EF00880716 /* Cache.swift */; };
		AF49F8002439F04000880716 /* PostViewModel.swift in Sources */ = {isa = PBXBuildFile; fileRef = AF49F7FF2439F04000880716 /* PostViewModel.swift */; };
		AF49F8022439F69C00880716 /* CustomErrorAlert.swift in Sources */ = {isa = PBXBuildFile; fileRef = AF49F8012439F69C00880716 /* CustomErrorAlert.swift */; };
		AF49F807243A556400880716 /* ProfileViewElements.swift in Sources */ = {isa = PBXBuildFile; fileRef = AF49F806243A556400880716 /* ProfileViewElements.swift */; };
		AF49F811243A6B5B00880716 /* DisplayError.swift in Sources */ = {isa = PBXBuildFile; fileRef = AF49F810243A6B5B00880716 /* DisplayError.swift */; };
		AF564F7E24360875000612F5 /* AppDelegate.swift in Sources */ = {isa = PBXBuildFile; fileRef = AF564F7D24360875000612F5 /* AppDelegate.swift */; };
		AF564F8224360875000612F5 /* StartVC.swift in Sources */ = {isa = PBXBuildFile; fileRef = AF564F8124360875000612F5 /* StartVC.swift */; };
		AF564F8724360876000612F5 /* Assets.xcassets in Resources */ = {isa = PBXBuildFile; fileRef = AF564F8624360876000612F5 /* Assets.xcassets */; };
		AF564F96243616F5000612F5 /* Colors.swift in Sources */ = {isa = PBXBuildFile; fileRef = AF564F95243616F5000612F5 /* Colors.swift */; };
		AF564F9824362DE2000612F5 /* Fonts.swift in Sources */ = {isa = PBXBuildFile; fileRef = AF564F9724362DE2000612F5 /* Fonts.swift */; };
		AFBE8A3B243667ED005BFA96 /* ProfilePresenter.swift in Sources */ = {isa = PBXBuildFile; fileRef = AFBE8A3A243667ED005BFA96 /* ProfilePresenter.swift */; };
		AFBE8A3D24366896005BFA96 /* ProfileViewController.swift in Sources */ = {isa = PBXBuildFile; fileRef = AFBE8A3C24366896005BFA96 /* ProfileViewController.swift */; };
		AFBE8A3F243669D2005BFA96 /* ProfileCell.swift in Sources */ = {isa = PBXBuildFile; fileRef = AFBE8A3E243669D2005BFA96 /* ProfileCell.swift */; };
/* End PBXBuildFile section */

/* Begin PBXFileReference section */
		09031B1A8038144B2CA9094C /* Pods-RecruitmentTask.debug.xcconfig */ = {isa = PBXFileReference; includeInIndex = 1; lastKnownFileType = text.xcconfig; name = "Pods-RecruitmentTask.debug.xcconfig"; path = "Target Support Files/Pods-RecruitmentTask/Pods-RecruitmentTask.debug.xcconfig"; sourceTree = "<group>"; };
		28D92ED7CD3B9180DEC33E66 /* Pods_RecruitmentTask.framework */ = {isa = PBXFileReference; explicitFileType = wrapper.framework; includeInIndex = 0; path = Pods_RecruitmentTask.framework; sourceTree = BUILT_PRODUCTS_DIR; };
		4310965DB249D69257D23377 /* Pods-RecruitmentTask.qa.xcconfig */ = {isa = PBXFileReference; includeInIndex = 1; lastKnownFileType = text.xcconfig; name = "Pods-RecruitmentTask.qa.xcconfig"; path = "Target Support Files/Pods-RecruitmentTask/Pods-RecruitmentTask.qa.xcconfig"; sourceTree = "<group>"; };
		AF49F7C624379D9B00880716 /* UIView+Utils.swift */ = {isa = PBXFileReference; lastKnownFileType = sourcecode.swift; path = "UIView+Utils.swift"; sourceTree = "<group>"; };
		AF49F7C92437D89300880716 /* ProfileDetailsViewController.swift */ = {isa = PBXFileReference; lastKnownFileType = sourcecode.swift; path = ProfileDetailsViewController.swift; sourceTree = "<group>"; };
		AF49F7CB243890BC00880716 /* ProfileDetailsViewElements.swift */ = {isa = PBXFileReference; lastKnownFileType = sourcecode.swift; path = ProfileDetailsViewElements.swift; sourceTree = "<group>"; };
		AF49F7CD2438C4A000880716 /* ActivityCell.swift */ = {isa = PBXFileReference; lastKnownFileType = sourcecode.swift; path = ActivityCell.swift; sourceTree = "<group>"; };
		AF49F7D12438D35F00880716 /* Raleway-SemiBold.ttf */ = {isa = PBXFileReference; lastKnownFileType = file; path = "Raleway-SemiBold.ttf"; sourceTree = "<group>"; };
		AF49F7D22438D35F00880716 /* Raleway-Regular.ttf */ = {isa = PBXFileReference; lastKnownFileType = file; path = "Raleway-Regular.ttf"; sourceTree = "<group>"; };
		AF49F7D52438FBA600880716 /* StartPresenter.swift */ = {isa = PBXFileReference; lastKnownFileType = sourcecode.swift; path = StartPresenter.swift; sourceTree = "<group>"; };
		AF49F7D82439012D00880716 /* RoundedView.swift */ = {isa = PBXFileReference; lastKnownFileType = sourcecode.swift; path = RoundedView.swift; sourceTree = "<group>"; };
		AF49F7DD24391E4800880716 /* ResponseValidator.swift */ = {isa = PBXFileReference; lastKnownFileType = sourcecode.swift; path = ResponseValidator.swift; sourceTree = "<group>"; };
		AF49F7DF24391E6000880716 /* ErrorInfo.swift */ = {isa = PBXFileReference; lastKnownFileType = sourcecode.swift; path = ErrorInfo.swift; sourceTree = "<group>"; };
		AF49F7E124391E7000880716 /* Router.swift */ = {isa = PBXFileReference; lastKnownFileType = sourcecode.swift; path = Router.swift; sourceTree = "<group>"; };
		AF49F7E324391E7A00880716 /* Config.swift */ = {isa = PBXFileReference; lastKnownFileType = sourcecode.swift; path = Config.swift; sourceTree = "<group>"; };
		AF49F7E524391E8800880716 /* NetworkManager.swift */ = {isa = PBXFileReference; lastKnownFileType = sourcecode.swift; path = NetworkManager.swift; sourceTree = "<group>"; };
		AF49F7E724391E9800880716 /* ApiError.swift */ = {isa = PBXFileReference; lastKnownFileType = sourcecode.swift; path = ApiError.swift; sourceTree = "<group>"; };
		AF49F7EA24391F6D00880716 /* Address.swift */ = {isa = PBXFileReference; lastKnownFileType = sourcecode.swift; path = Address.swift; sourceTree = "<group>"; };
		AF49F7EC24391F7C00880716 /* Company.swift */ = {isa = PBXFileReference; lastKnownFileType = sourcecode.swift; path = Company.swift; sourceTree = "<group>"; };
		AF49F7EE24391F8B00880716 /* Geo.swift */ = {isa = PBXFileReference; lastKnownFileType = sourcecode.swift; path = Geo.swift; sourceTree = "<group>"; };
		AF49F7F024391F9B00880716 /* Post.swift */ = {isa = PBXFileReference; lastKnownFileType = sourcecode.swift; path = Post.swift; sourceTree = "<group>"; };
		AF49F7F224391FA900880716 /* User.swift */ = {isa = PBXFileReference; lastKnownFileType = sourcecode.swift; path = User.swift; sourceTree = "<group>"; };
		AF49F7F42439C3A900880716 /* ProfileItemViewModel.swift */ = {isa = PBXFileReference; lastKnownFileType = sourcecode.swift; path = ProfileItemViewModel.swift; sourceTree = "<group>"; };
		AF49F7F82439D24500880716 /* ProfileDetailsPresenter.swift */ = {isa = PBXFileReference; lastKnownFileType = sourcecode.swift; path = ProfileDetailsPresenter.swift; sourceTree = "<group>"; };
		AF49F7FA2439D26900880716 /* ProfileDetailsItemViewModel.swift */ = {isa = PBXFileReference; lastKnownFileType = sourcecode.swift; path = ProfileDetailsItemViewModel.swift; sourceTree = "<group>"; };
		AF49F7FD2439D6EF00880716 /* Cache.swift */ = {isa = PBXFileReference; lastKnownFileType = sourcecode.swift; path = Cache.swift; sourceTree = "<group>"; };
		AF49F7FF2439F04000880716 /* PostViewModel.swift */ = {isa = PBXFileReference; lastKnownFileType = sourcecode.swift; path = PostViewModel.swift; sourceTree = "<group>"; };
		AF49F8012439F69C00880716 /* CustomErrorAlert.swift */ = {isa = PBXFileReference; lastKnownFileType = sourcecode.swift; path = CustomErrorAlert.swift; sourceTree = "<group>"; };
		AF49F806243A556400880716 /* ProfileViewElements.swift */ = {isa = PBXFileReference; lastKnownFileType = sourcecode.swift; path = ProfileViewElements.swift; sourceTree = "<group>"; };
		AF49F810243A6B5B00880716 /* DisplayError.swift */ = {isa = PBXFileReference; lastKnownFileType = sourcecode.swift; path = DisplayError.swift; sourceTree = "<group>"; };
		AF564F7A24360875000612F5 /* RecruitmentTask.app */ = {isa = PBXFileReference; explicitFileType = wrapper.application; includeInIndex = 0; path = RecruitmentTask.app; sourceTree = BUILT_PRODUCTS_DIR; };
		AF564F7D24360875000612F5 /* AppDelegate.swift */ = {isa = PBXFileReference; lastKnownFileType = sourcecode.swift; path = AppDelegate.swift; sourceTree = "<group>"; };
		AF564F8124360875000612F5 /* StartVC.swift */ = {isa = PBXFileReference; lastKnownFileType = sourcecode.swift; path = StartVC.swift; sourceTree = "<group>"; };
		AF564F8624360876000612F5 /* Assets.xcassets */ = {isa = PBXFileReference; lastKnownFileType = folder.assetcatalog; path = Assets.xcassets; sourceTree = "<group>"; };
		AF564F8B24360876000612F5 /* Info.plist */ = {isa = PBXFileReference; lastKnownFileType = text.plist.xml; path = Info.plist; sourceTree = "<group>"; };
		AF564F95243616F5000612F5 /* Colors.swift */ = {isa = PBXFileReference; lastKnownFileType = sourcecode.swift; path = Colors.swift; sourceTree = "<group>"; };
		AF564F9724362DE2000612F5 /* Fonts.swift */ = {isa = PBXFileReference; lastKnownFileType = sourcecode.swift; path = Fonts.swift; sourceTree = "<group>"; };
		AFBE8A3A243667ED005BFA96 /* ProfilePresenter.swift */ = {isa = PBXFileReference; lastKnownFileType = sourcecode.swift; path = ProfilePresenter.swift; sourceTree = "<group>"; };
		AFBE8A3C24366896005BFA96 /* ProfileViewController.swift */ = {isa = PBXFileReference; lastKnownFileType = sourcecode.swift; path = ProfileViewController.swift; sourceTree = "<group>"; };
		AFBE8A3E243669D2005BFA96 /* ProfileCell.swift */ = {isa = PBXFileReference; lastKnownFileType = sourcecode.swift; path = ProfileCell.swift; sourceTree = "<group>"; };
		CCAF8154937583CDDE788891 /* Pods-RecruitmentTask.release.xcconfig */ = {isa = PBXFileReference; includeInIndex = 1; lastKnownFileType = text.xcconfig; name = "Pods-RecruitmentTask.release.xcconfig"; path = "Target Support Files/Pods-RecruitmentTask/Pods-RecruitmentTask.release.xcconfig"; sourceTree = "<group>"; };
/* End PBXFileReference section */

/* Begin PBXFrameworksBuildPhase section */
		AF564F7724360875000612F5 /* Frameworks */ = {
			isa = PBXFrameworksBuildPhase;
			buildActionMask = 2147483647;
			files = (
				807A3C7C52BC9FFAE392AE04 /* Pods_RecruitmentTask.framework in Frameworks */,
			);
			runOnlyForDeploymentPostprocessing = 0;
		};
/* End PBXFrameworksBuildPhase section */

/* Begin PBXGroup section */
		4BF7994C51EB44DBFB919392 /* Frameworks */ = {
			isa = PBXGroup;
			children = (
				28D92ED7CD3B9180DEC33E66 /* Pods_RecruitmentTask.framework */,
			);
			name = Frameworks;
			sourceTree = "<group>";
		};
		AF49F7BC2437982A00880716 /* Resources */ = {
			isa = PBXGroup;
			children = (
				AF49F7D22438D35F00880716 /* Raleway-Regular.ttf */,
				AF49F7D12438D35F00880716 /* Raleway-SemiBold.ttf */,
			);
			path = Resources;
			sourceTree = "<group>";
		};
		AF49F7C524379D7400880716 /* Utils */ = {
			isa = PBXGroup;
			children = (
				AF49F7C624379D9B00880716 /* UIView+Utils.swift */,
				AF49F7D82439012D00880716 /* RoundedView.swift */,
			);
			path = Utils;
			sourceTree = "<group>";
		};
		AF49F7C82437D87C00880716 /* Profile Details */ = {
			isa = PBXGroup;
			children = (
				AF49F808243A58F500880716 /* View */,
				AF49F803243A45B500880716 /* ViewModel */,
				AF49F7F82439D24500880716 /* ProfileDetailsPresenter.swift */,
			);
			path = "Profile Details";
			sourceTree = "<group>";
		};
		AF49F7D72438FBAC00880716 /* Start */ = {
			isa = PBXGroup;
			children = (
				AF564F8124360875000612F5 /* StartVC.swift */,
				AF49F7D52438FBA600880716 /* StartPresenter.swift */,
			);
			path = Start;
			sourceTree = "<group>";
		};
		AF49F7DB24391E0400880716 /* Data */ = {
			isa = PBXGroup;
			children = (
				AF49F7FC2439D6D400880716 /* Cache */,
				AF49F7E924391F5100880716 /* DTO */,
				AF49F7DC24391E1600880716 /* Networking */,
			);
			name = Data;
			path = Date/Data;
			sourceTree = "<group>";
		};
		AF49F7DC24391E1600880716 /* Networking */ = {
			isa = PBXGroup;
			children = (
				AF49F80F243A69CA00880716 /* Error */,
				AF49F7DD24391E4800880716 /* ResponseValidator.swift */,
				AF49F7E124391E7000880716 /* Router.swift */,
				AF49F7E324391E7A00880716 /* Config.swift */,
				AF49F7E524391E8800880716 /* NetworkManager.swift */,
			);
			path = Networking;
			sourceTree = "<group>";
		};
		AF49F7E924391F5100880716 /* DTO */ = {
			isa = PBXGroup;
			children = (
				AF49F7EA24391F6D00880716 /* Address.swift */,
				AF49F7EC24391F7C00880716 /* Company.swift */,
				AF49F7EE24391F8B00880716 /* Geo.swift */,
				AF49F7F024391F9B00880716 /* Post.swift */,
				AF49F7F224391FA900880716 /* User.swift */,
			);
			path = DTO;
			sourceTree = "<group>";
		};
		AF49F7FC2439D6D400880716 /* Cache */ = {
			isa = PBXGroup;
			children = (
				AF49F7FD2439D6EF00880716 /* Cache.swift */,
			);
			path = Cache;
			sourceTree = "<group>";
		};
		AF49F803243A45B500880716 /* ViewModel */ = {
			isa = PBXGroup;
			children = (
				AF49F7FA2439D26900880716 /* ProfileDetailsItemViewModel.swift */,
				AF49F7FF2439F04000880716 /* PostViewModel.swift */,
			);
			path = ViewModel;
			sourceTree = "<group>";
		};
		AF49F804243A45EB00880716 /* ViewModel */ = {
			isa = PBXGroup;
			children = (
				AF49F7F42439C3A900880716 /* ProfileItemViewModel.swift */,
			);
			path = ViewModel;
			sourceTree = "<group>";
		};
		AF49F805243A540800880716 /* View */ = {
			isa = PBXGroup;
			children = (
				AFBE8A3C24366896005BFA96 /* ProfileViewController.swift */,
				AFBE8A3E243669D2005BFA96 /* ProfileCell.swift */,
				AF49F806243A556400880716 /* ProfileViewElements.swift */,
			);
			path = View;
			sourceTree = "<group>";
		};
		AF49F808243A58F500880716 /* View */ = {
			isa = PBXGroup;
			children = (
				AF49F7C92437D89300880716 /* ProfileDetailsViewController.swift */,
				AF49F7CD2438C4A000880716 /* ActivityCell.swift */,
				AF49F7CB243890BC00880716 /* ProfileDetailsViewElements.swift */,
			);
			path = View;
			sourceTree = "<group>";
		};
		AF49F80F243A69CA00880716 /* Error */ = {
			isa = PBXGroup;
			children = (
				AF49F7DF24391E6000880716 /* ErrorInfo.swift */,
				AF49F7E724391E9800880716 /* ApiError.swift */,
				AF49F810243A6B5B00880716 /* DisplayError.swift */,
			);
			path = Error;
			sourceTree = "<group>";
		};
		AF564F7124360875000612F5 = {
			isa = PBXGroup;
			children = (
				AF564F7C24360875000612F5 /* RecruitmentTask */,
				AF564F7B24360875000612F5 /* Products */,
				DA0D013D22FEF30BDACE59AA /* Pods */,
				4BF7994C51EB44DBFB919392 /* Frameworks */,
			);
			sourceTree = "<group>";
		};
		AF564F7B24360875000612F5 /* Products */ = {
			isa = PBXGroup;
			children = (
				AF564F7A24360875000612F5 /* RecruitmentTask.app */,
			);
			name = Products;
			sourceTree = "<group>";
		};
		AF564F7C24360875000612F5 /* RecruitmentTask */ = {
			isa = PBXGroup;
			children = (
				AF564F7D24360875000612F5 /* AppDelegate.swift */,
				AF49F7DB24391E0400880716 /* Data */,
				AF564F9124361662000612F5 /* UI */,
				AF49F7BC2437982A00880716 /* Resources */,
				AF49F7C524379D7400880716 /* Utils */,
				AF564F8B24360876000612F5 /* Info.plist */,
			);
			path = RecruitmentTask;
			sourceTree = "<group>";
		};
		AF564F9124361662000612F5 /* UI */ = {
			isa = PBXGroup;
			children = (
				AF49F7D72438FBAC00880716 /* Start */,
				AFBE8A372436667A005BFA96 /* Profiles */,
				AF49F7C82437D87C00880716 /* Profile Details */,
				AF564F922436166A000612F5 /* Common */,
			);
			path = UI;
			sourceTree = "<group>";
		};
		AF564F922436166A000612F5 /* Common */ = {
			isa = PBXGroup;
			children = (
				AF564F93243616B0000612F5 /* Color */,
				AF564F94243616BF000612F5 /* Font */,
				AF49F8012439F69C00880716 /* CustomErrorAlert.swift */,
				AF564F8624360876000612F5 /* Assets.xcassets */,
			);
			path = Common;
			sourceTree = "<group>";
		};
		AF564F93243616B0000612F5 /* Color */ = {
			isa = PBXGroup;
			children = (
				AF564F95243616F5000612F5 /* Colors.swift */,
			);
			path = Color;
			sourceTree = "<group>";
		};
		AF564F94243616BF000612F5 /* Font */ = {
			isa = PBXGroup;
			children = (
				AF564F9724362DE2000612F5 /* Fonts.swift */,
			);
			path = Font;
			sourceTree = "<group>";
		};
		AFBE8A372436667A005BFA96 /* Profiles */ = {
			isa = PBXGroup;
			children = (
				AF49F804243A45EB00880716 /* ViewModel */,
				AF49F805243A540800880716 /* View */,
				AFBE8A3A243667ED005BFA96 /* ProfilePresenter.swift */,
			);
			path = Profiles;
			sourceTree = "<group>";
		};
		DA0D013D22FEF30BDACE59AA /* Pods */ = {
			isa = PBXGroup;
			children = (
				09031B1A8038144B2CA9094C /* Pods-RecruitmentTask.debug.xcconfig */,
				CCAF8154937583CDDE788891 /* Pods-RecruitmentTask.release.xcconfig */,
				4310965DB249D69257D23377 /* Pods-RecruitmentTask.qa.xcconfig */,
			);
			path = Pods;
			sourceTree = "<group>";
		};
/* End PBXGroup section */

/* Begin PBXNativeTarget section */
		AF564F7924360875000612F5 /* RecruitmentTask */ = {
			isa = PBXNativeTarget;
			buildConfigurationList = AF564F8E24360876000612F5 /* Build configuration list for PBXNativeTarget "RecruitmentTask" */;
			buildPhases = (
				90B54C92E5B69F8050F34692 /* [CP] Check Pods Manifest.lock */,
				AF564F7624360875000612F5 /* Sources */,
				AF564F7724360875000612F5 /* Frameworks */,
				AF564F7824360875000612F5 /* Resources */,
				0D37442C4699C297FF7B17AF /* [CP] Embed Pods Frameworks */,
			);
			buildRules = (
			);
			dependencies = (
			);
			name = RecruitmentTask;
			productName = RecruitmentTask;
			productReference = AF564F7A24360875000612F5 /* RecruitmentTask.app */;
			productType = "com.apple.product-type.application";
		};
/* End PBXNativeTarget section */

/* Begin PBXProject section */
		AF564F7224360875000612F5 /* Project object */ = {
			isa = PBXProject;
			attributes = {
				LastSwiftUpdateCheck = 1100;
				LastUpgradeCheck = 1100;
				ORGANIZATIONNAME = "Yuliia Pavlenko";
				TargetAttributes = {
					AF564F7924360875000612F5 = {
						CreatedOnToolsVersion = 11.0;
					};
				};
			};
			buildConfigurationList = AF564F7524360875000612F5 /* Build configuration list for PBXProject "RecruitmentTask" */;
			compatibilityVersion = "Xcode 9.3";
			developmentRegion = en;
			hasScannedForEncodings = 0;
			knownRegions = (
				en,
				Base,
			);
			mainGroup = AF564F7124360875000612F5;
			productRefGroup = AF564F7B24360875000612F5 /* Products */;
			projectDirPath = "";
			projectRoot = "";
			targets = (
				AF564F7924360875000612F5 /* RecruitmentTask */,
			);
		};
/* End PBXProject section */

/* Begin PBXResourcesBuildPhase section */
		AF564F7824360875000612F5 /* Resources */ = {
			isa = PBXResourcesBuildPhase;
			buildActionMask = 2147483647;
			files = (
				AF49F7D32438D36700880716 /* Raleway-Regular.ttf in Resources */,
				AF49F7D42438D36700880716 /* Raleway-SemiBold.ttf in Resources */,
				AF564F8724360876000612F5 /* Assets.xcassets in Resources */,
			);
			runOnlyForDeploymentPostprocessing = 0;
		};
/* End PBXResourcesBuildPhase section */

/* Begin PBXShellScriptBuildPhase section */
		0D37442C4699C297FF7B17AF /* [CP] Embed Pods Frameworks */ = {
			isa = PBXShellScriptBuildPhase;
			buildActionMask = 2147483647;
			files = (
			);
			inputFileListPaths = (
				"${PODS_ROOT}/Target Support Files/Pods-RecruitmentTask/Pods-RecruitmentTask-frameworks-${CONFIGURATION}-input-files.xcfilelist",
			);
			name = "[CP] Embed Pods Frameworks";
			outputFileListPaths = (
				"${PODS_ROOT}/Target Support Files/Pods-RecruitmentTask/Pods-RecruitmentTask-frameworks-${CONFIGURATION}-output-files.xcfilelist",
			);
			runOnlyForDeploymentPostprocessing = 0;
			shellPath = /bin/sh;
			shellScript = "\"${PODS_ROOT}/Target Support Files/Pods-RecruitmentTask/Pods-RecruitmentTask-frameworks.sh\"\n";
			showEnvVarsInLog = 0;
		};
		90B54C92E5B69F8050F34692 /* [CP] Check Pods Manifest.lock */ = {
			isa = PBXShellScriptBuildPhase;
			buildActionMask = 2147483647;
			files = (
			);
			inputFileListPaths = (
			);
			inputPaths = (
				"${PODS_PODFILE_DIR_PATH}/Podfile.lock",
				"${PODS_ROOT}/Manifest.lock",
			);
			name = "[CP] Check Pods Manifest.lock";
			outputFileListPaths = (
			);
			outputPaths = (
				"$(DERIVED_FILE_DIR)/Pods-RecruitmentTask-checkManifestLockResult.txt",
			);
			runOnlyForDeploymentPostprocessing = 0;
			shellPath = /bin/sh;
			shellScript = "diff \"${PODS_PODFILE_DIR_PATH}/Podfile.lock\" \"${PODS_ROOT}/Manifest.lock\" > /dev/null\nif [ $? != 0 ] ; then\n    # print error to STDERR\n    echo \"error: The sandbox is not in sync with the Podfile.lock. Run 'pod install' or update your CocoaPods installation.\" >&2\n    exit 1\nfi\n# This output is used by Xcode 'outputs' to avoid re-running this script phase.\necho \"SUCCESS\" > \"${SCRIPT_OUTPUT_FILE_0}\"\n";
			showEnvVarsInLog = 0;
		};
/* End PBXShellScriptBuildPhase section */

/* Begin PBXSourcesBuildPhase section */
		AF564F7624360875000612F5 /* Sources */ = {
			isa = PBXSourcesBuildPhase;
			buildActionMask = 2147483647;
			files = (
				AF49F8002439F04000880716 /* PostViewModel.swift in Sources */,
				AF49F7E624391E8800880716 /* NetworkManager.swift in Sources */,
				AF49F7E024391E6000880716 /* ErrorInfo.swift in Sources */,
				AF49F7DE24391E4800880716 /* ResponseValidator.swift in Sources */,
				AF49F7F324391FA900880716 /* User.swift in Sources */,
				AF49F7F124391F9B00880716 /* Post.swift in Sources */,
				AF49F7D62438FBA600880716 /* StartPresenter.swift in Sources */,
				AF49F7CE2438C4A000880716 /* ActivityCell.swift in Sources */,
				AF49F7EB24391F6D00880716 /* Address.swift in Sources */,
				AF49F7ED24391F7C00880716 /* Company.swift in Sources */,
				AF564F9824362DE2000612F5 /* Fonts.swift in Sources */,
				AF49F7D92439012D00880716 /* RoundedView.swift in Sources */,
				AF49F8022439F69C00880716 /* CustomErrorAlert.swift in Sources */,
				AF49F7CA2437D89300880716 /* ProfileDetailsViewController.swift in Sources */,
				AF564F8224360875000612F5 /* StartVC.swift in Sources */,
				AF49F807243A556400880716 /* ProfileViewElements.swift in Sources */,
				AF49F7EF24391F8B00880716 /* Geo.swift in Sources */,
				AF49F7FE2439D6EF00880716 /* Cache.swift in Sources */,
				AFBE8A3B243667ED005BFA96 /* ProfilePresenter.swift in Sources */,
				AF49F7E224391E7000880716 /* Router.swift in Sources */,
				AF49F7E424391E7A00880716 /* Config.swift in Sources */,
				AF49F7E824391E9800880716 /* ApiError.swift in Sources */,
				AFBE8A3D24366896005BFA96 /* ProfileViewController.swift in Sources */,
				AFBE8A3F243669D2005BFA96 /* ProfileCell.swift in Sources */,
				AF564F96243616F5000612F5 /* Colors.swift in Sources */,
				AF49F7F92439D24500880716 /* ProfileDetailsPresenter.swift in Sources */,
				AF49F7FB2439D26900880716 /* ProfileDetailsItemViewModel.swift in Sources */,
				AF49F7C724379D9B00880716 /* UIView+Utils.swift in Sources */,
				AF49F7CC243890BC00880716 /* ProfileDetailsViewElements.swift in Sources */,
				AF49F811243A6B5B00880716 /* DisplayError.swift in Sources */,
				AF564F7E24360875000612F5 /* AppDelegate.swift in Sources */,
				AF49F7F52439C3A900880716 /* ProfileItemViewModel.swift in Sources */,
			);
			runOnlyForDeploymentPostprocessing = 0;
		};
/* End PBXSourcesBuildPhase section */

/* Begin XCBuildConfiguration section */
		AF49F80B243A661B00880716 /* QA */ = {
			isa = XCBuildConfiguration;
			buildSettings = {
				ALWAYS_SEARCH_USER_PATHS = NO;
				CLANG_ANALYZER_NONNULL = YES;
				CLANG_ANALYZER_NUMBER_OBJECT_CONVERSION = YES_AGGRESSIVE;
				CLANG_CXX_LANGUAGE_STANDARD = "gnu++14";
				CLANG_CXX_LIBRARY = "libc++";
				CLANG_ENABLE_MODULES = YES;
				CLANG_ENABLE_OBJC_ARC = YES;
				CLANG_ENABLE_OBJC_WEAK = YES;
				CLANG_WARN_BLOCK_CAPTURE_AUTORELEASING = YES;
				CLANG_WARN_BOOL_CONVERSION = YES;
				CLANG_WARN_COMMA = YES;
				CLANG_WARN_CONSTANT_CONVERSION = YES;
				CLANG_WARN_DEPRECATED_OBJC_IMPLEMENTATIONS = YES;
				CLANG_WARN_DIRECT_OBJC_ISA_USAGE = YES_ERROR;
				CLANG_WARN_DOCUMENTATION_COMMENTS = YES;
				CLANG_WARN_EMPTY_BODY = YES;
				CLANG_WARN_ENUM_CONVERSION = YES;
				CLANG_WARN_INFINITE_RECURSION = YES;
				CLANG_WARN_INT_CONVERSION = YES;
				CLANG_WARN_NON_LITERAL_NULL_CONVERSION = YES;
				CLANG_WARN_OBJC_IMPLICIT_RETAIN_SELF = YES;
				CLANG_WARN_OBJC_LITERAL_CONVERSION = YES;
				CLANG_WARN_OBJC_ROOT_CLASS = YES_ERROR;
				CLANG_WARN_RANGE_LOOP_ANALYSIS = YES;
				CLANG_WARN_STRICT_PROTOTYPES = YES;
				CLANG_WARN_SUSPICIOUS_MOVE = YES;
				CLANG_WARN_UNGUARDED_AVAILABILITY = YES_AGGRESSIVE;
				CLANG_WARN_UNREACHABLE_CODE = YES;
				CLANG_WARN__DUPLICATE_METHOD_MATCH = YES;
				COPY_PHASE_STRIP = NO;
				DEBUG_INFORMATION_FORMAT = dwarf;
				ENABLE_STRICT_OBJC_MSGSEND = YES;
				ENABLE_TESTABILITY = YES;
				GCC_C_LANGUAGE_STANDARD = gnu11;
				GCC_DYNAMIC_NO_PIC = NO;
				GCC_NO_COMMON_BLOCKS = YES;
				GCC_OPTIMIZATION_LEVEL = 0;
				GCC_PREPROCESSOR_DEFINITIONS = (
					"DEBUG=1",
					"$(inherited)",
				);
				GCC_WARN_64_TO_32_BIT_CONVERSION = YES;
				GCC_WARN_ABOUT_RETURN_TYPE = YES_ERROR;
				GCC_WARN_UNDECLARED_SELECTOR = YES;
				GCC_WARN_UNINITIALIZED_AUTOS = YES_AGGRESSIVE;
				GCC_WARN_UNUSED_FUNCTION = YES;
				GCC_WARN_UNUSED_VARIABLE = YES;
				IPHONEOS_DEPLOYMENT_TARGET = 11.0;
				MTL_ENABLE_DEBUG_INFO = INCLUDE_SOURCE;
				MTL_FAST_MATH = YES;
				ONLY_ACTIVE_ARCH = YES;
				SDKROOT = iphoneos;
				SWIFT_ACTIVE_COMPILATION_CONDITIONS = DEBUG;
				SWIFT_OPTIMIZATION_LEVEL = "-Onone";
			};
			name = QA;
		};
		AF49F80C243A661B00880716 /* QA */ = {
			isa = XCBuildConfiguration;
			baseConfigurationReference = 4310965DB249D69257D23377 /* Pods-RecruitmentTask.qa.xcconfig */;
			buildSettings = {
				ASSETCATALOG_COMPILER_APPICON_NAME = AppIcon;
				CODE_SIGN_STYLE = Automatic;
				INFOPLIST_FILE = RecruitmentTask/Info.plist;
				LD_RUNPATH_SEARCH_PATHS = (
					"$(inherited)",
					"@executable_path/Frameworks",
				);
				PRODUCT_BUNDLE_IDENTIFIER = yuliiapavlenko.RecruitmentTask;
				PRODUCT_NAME = "$(TARGET_NAME)";
				SWIFT_VERSION = 5.0;
				TARGETED_DEVICE_FAMILY = 1;
			};
			name = QA;
		};
		AF564F8C24360876000612F5 /* Debug */ = {
			isa = XCBuildConfiguration;
			buildSettings = {
				ALWAYS_SEARCH_USER_PATHS = NO;
				CLANG_ANALYZER_NONNULL = YES;
				CLANG_ANALYZER_NUMBER_OBJECT_CONVERSION = YES_AGGRESSIVE;
				CLANG_CXX_LANGUAGE_STANDARD = "gnu++14";
				CLANG_CXX_LIBRARY = "libc++";
				CLANG_ENABLE_MODULES = YES;
				CLANG_ENABLE_OBJC_ARC = YES;
				CLANG_ENABLE_OBJC_WEAK = YES;
				CLANG_WARN_BLOCK_CAPTURE_AUTORELEASING = YES;
				CLANG_WARN_BOOL_CONVERSION = YES;
				CLANG_WARN_COMMA = YES;
				CLANG_WARN_CONSTANT_CONVERSION = YES;
				CLANG_WARN_DEPRECATED_OBJC_IMPLEMENTATIONS = YES;
				CLANG_WARN_DIRECT_OBJC_ISA_USAGE = YES_ERROR;
				CLANG_WARN_DOCUMENTATION_COMMENTS = YES;
				CLANG_WARN_EMPTY_BODY = YES;
				CLANG_WARN_ENUM_CONVERSION = YES;
				CLANG_WARN_INFINITE_RECURSION = YES;
				CLANG_WARN_INT_CONVERSION = YES;
				CLANG_WARN_NON_LITERAL_NULL_CONVERSION = YES;
				CLANG_WARN_OBJC_IMPLICIT_RETAIN_SELF = YES;
				CLANG_WARN_OBJC_LITERAL_CONVERSION = YES;
				CLANG_WARN_OBJC_ROOT_CLASS = YES_ERROR;
				CLANG_WARN_RANGE_LOOP_ANALYSIS = YES;
				CLANG_WARN_STRICT_PROTOTYPES = YES;
				CLANG_WARN_SUSPICIOUS_MOVE = YES;
				CLANG_WARN_UNGUARDED_AVAILABILITY = YES_AGGRESSIVE;
				CLANG_WARN_UNREACHABLE_CODE = YES;
				CLANG_WARN__DUPLICATE_METHOD_MATCH = YES;
				COPY_PHASE_STRIP = NO;
				DEBUG_INFORMATION_FORMAT = dwarf;
				ENABLE_STRICT_OBJC_MSGSEND = YES;
				ENABLE_TESTABILITY = YES;
				GCC_C_LANGUAGE_STANDARD = gnu11;
				GCC_DYNAMIC_NO_PIC = NO;
				GCC_NO_COMMON_BLOCKS = YES;
				GCC_OPTIMIZATION_LEVEL = 0;
				GCC_PREPROCESSOR_DEFINITIONS = (
					"DEBUG=1",
					"$(inherited)",
				);
				GCC_WARN_64_TO_32_BIT_CONVERSION = YES;
				GCC_WARN_ABOUT_RETURN_TYPE = YES_ERROR;
				GCC_WARN_UNDECLARED_SELECTOR = YES;
				GCC_WARN_UNINITIALIZED_AUTOS = YES_AGGRESSIVE;
				GCC_WARN_UNUSED_FUNCTION = YES;
				GCC_WARN_UNUSED_VARIABLE = YES;
				IPHONEOS_DEPLOYMENT_TARGET = 11.0;
				MTL_ENABLE_DEBUG_INFO = INCLUDE_SOURCE;
				MTL_FAST_MATH = YES;
				ONLY_ACTIVE_ARCH = YES;
				SDKROOT = iphoneos;
				SWIFT_ACTIVE_COMPILATION_CONDITIONS = DEBUG;
				SWIFT_OPTIMIZATION_LEVEL = "-Onone";
			};
			name = Debug;
		};
		AF564F8D24360876000612F5 /* Release */ = {
			isa = XCBuildConfiguration;
			buildSettings = {
				ALWAYS_SEARCH_USER_PATHS = NO;
				CLANG_ANALYZER_NONNULL = YES;
				CLANG_ANALYZER_NUMBER_OBJECT_CONVERSION = YES_AGGRESSIVE;
				CLANG_CXX_LANGUAGE_STANDARD = "gnu++14";
				CLANG_CXX_LIBRARY = "libc++";
				CLANG_ENABLE_MODULES = YES;
				CLANG_ENABLE_OBJC_ARC = YES;
				CLANG_ENABLE_OBJC_WEAK = YES;
				CLANG_WARN_BLOCK_CAPTURE_AUTORELEASING = YES;
				CLANG_WARN_BOOL_CONVERSION = YES;
				CLANG_WARN_COMMA = YES;
				CLANG_WARN_CONSTANT_CONVERSION = YES;
				CLANG_WARN_DEPRECATED_OBJC_IMPLEMENTATIONS = YES;
				CLANG_WARN_DIRECT_OBJC_ISA_USAGE = YES_ERROR;
				CLANG_WARN_DOCUMENTATION_COMMENTS = YES;
				CLANG_WARN_EMPTY_BODY = YES;
				CLANG_WARN_ENUM_CONVERSION = YES;
				CLANG_WARN_INFINITE_RECURSION = YES;
				CLANG_WARN_INT_CONVERSION = YES;
				CLANG_WARN_NON_LITERAL_NULL_CONVERSION = YES;
				CLANG_WARN_OBJC_IMPLICIT_RETAIN_SELF = YES;
				CLANG_WARN_OBJC_LITERAL_CONVERSION = YES;
				CLANG_WARN_OBJC_ROOT_CLASS = YES_ERROR;
				CLANG_WARN_RANGE_LOOP_ANALYSIS = YES;
				CLANG_WARN_STRICT_PROTOTYPES = YES;
				CLANG_WARN_SUSPICIOUS_MOVE = YES;
				CLANG_WARN_UNGUARDED_AVAILABILITY = YES_AGGRESSIVE;
				CLANG_WARN_UNREACHABLE_CODE = YES;
				CLANG_WARN__DUPLICATE_METHOD_MATCH = YES;
				COPY_PHASE_STRIP = NO;
				DEBUG_INFORMATION_FORMAT = "dwarf-with-dsym";
				ENABLE_NS_ASSERTIONS = NO;
				ENABLE_STRICT_OBJC_MSGSEND = YES;
				GCC_C_LANGUAGE_STANDARD = gnu11;
				GCC_NO_COMMON_BLOCKS = YES;
				GCC_WARN_64_TO_32_BIT_CONVERSION = YES;
				GCC_WARN_ABOUT_RETURN_TYPE = YES_ERROR;
				GCC_WARN_UNDECLARED_SELECTOR = YES;
				GCC_WARN_UNINITIALIZED_AUTOS = YES_AGGRESSIVE;
				GCC_WARN_UNUSED_FUNCTION = YES;
				GCC_WARN_UNUSED_VARIABLE = YES;
				IPHONEOS_DEPLOYMENT_TARGET = 11.0;
				MTL_ENABLE_DEBUG_INFO = NO;
				MTL_FAST_MATH = YES;
				SDKROOT = iphoneos;
				SWIFT_COMPILATION_MODE = wholemodule;
				SWIFT_OPTIMIZATION_LEVEL = "-O";
				VALIDATE_PRODUCT = YES;
			};
			name = Release;
		};
		AF564F8F24360876000612F5 /* Debug */ = {
			isa = XCBuildConfiguration;
			baseConfigurationReference = 09031B1A8038144B2CA9094C /* Pods-RecruitmentTask.debug.xcconfig */;
			buildSettings = {
				ASSETCATALOG_COMPILER_APPICON_NAME = AppIcon;
				CODE_SIGN_STYLE = Automatic;
				INFOPLIST_FILE = RecruitmentTask/Info.plist;
				LD_RUNPATH_SEARCH_PATHS = (
					"$(inherited)",
					"@executable_path/Frameworks",
				);
				PRODUCT_BUNDLE_IDENTIFIER = yuliiapavlenko.RecruitmentTask;
				PRODUCT_NAME = "$(TARGET_NAME)";
				SWIFT_VERSION = 5.0;
				TARGETED_DEVICE_FAMILY = 1;
			};
			name = Debug;
		};
		AF564F9024360876000612F5 /* Release */ = {
			isa = XCBuildConfiguration;
			baseConfigurationReference = CCAF8154937583CDDE788891 /* Pods-RecruitmentTask.release.xcconfig */;
			buildSettings = {
				ASSETCATALOG_COMPILER_APPICON_NAME = AppIcon;
				CODE_SIGN_STYLE = Automatic;
				INFOPLIST_FILE = RecruitmentTask/Info.plist;
				LD_RUNPATH_SEARCH_PATHS = (
					"$(inherited)",
					"@executable_path/Frameworks",
				);
				PRODUCT_BUNDLE_IDENTIFIER = yuliiapavlenko.RecruitmentTask;
				PRODUCT_NAME = "$(TARGET_NAME)";
				SWIFT_VERSION = 5.0;
				TARGETED_DEVICE_FAMILY = 1;
			};
			name = Release;
		};
/* End XCBuildConfiguration section */

/* Begin XCConfigurationList section */
		AF564F7524360875000612F5 /* Build configuration list for PBXProject "RecruitmentTask" */ = {
			isa = XCConfigurationList;
			buildConfigurations = (
				AF564F8C24360876000612F5 /* Debug */,
				AF49F80B243A661B00880716 /* QA */,
				AF564F8D24360876000612F5 /* Release */,
			);
			defaultConfigurationIsVisible = 0;
			defaultConfigurationName = Release;
		};
		AF564F8E24360876000612F5 /* Build configuration list for PBXNativeTarget "RecruitmentTask" */ = {
			isa = XCConfigurationList;
			buildConfigurations = (
				AF564F8F24360876000612F5 /* Debug */,
				AF49F80C243A661B00880716 /* QA */,
				AF564F9024360876000612F5 /* Release */,
			);
			defaultConfigurationIsVisible = 0;
			defaultConfigurationName = Release;
		};
/* End XCConfigurationList section */
	};
	rootObject = AF564F7224360875000612F5 /* Project object */;
}
